// !$*UTF8*$!
{
	archiveVersion = 1;
	classes = {
	};
	objectVersion = 50;
	objects = {

/* Begin PBXBuildFile section */
		0320F71821B30E19003BF605 /* SwiftXib.framework in Frameworks */ = {isa = PBXBuildFile; fileRef = 0320F70E21B30E19003BF605 /* SwiftXib.framework */; };
		0320F71D21B30E19003BF605 /* SwiftXibTests.swift in Sources */ = {isa = PBXBuildFile; fileRef = 0320F71C21B30E19003BF605 /* SwiftXibTests.swift */; };
		0320F71F21B30E19003BF605 /* SwiftXib.h in Headers */ = {isa = PBXBuildFile; fileRef = 0320F71121B30E19003BF605 /* SwiftXib.h */; settings = {ATTRIBUTES = (Public, ); }; };
/* End PBXBuildFile section */

/* Begin PBXContainerItemProxy section */
		0320F71921B30E19003BF605 /* PBXContainerItemProxy */ = {
			isa = PBXContainerItemProxy;
			containerPortal = 0320F70521B30E19003BF605 /* Project object */;
			proxyType = 1;
			remoteGlobalIDString = 0320F70D21B30E19003BF605;
			remoteInfo = SwiftXib;
		};
/* End PBXContainerItemProxy section */

/* Begin PBXFileReference section */
		0320F70E21B30E19003BF605 /* SwiftXib.framework */ = {isa = PBXFileReference; explicitFileType = wrapper.framework; includeInIndex = 0; path = SwiftXib.framework; sourceTree = BUILT_PRODUCTS_DIR; };
		0320F71121B30E19003BF605 /* SwiftXib.h */ = {isa = PBXFileReference; lastKnownFileType = sourcecode.c.h; path = SwiftXib.h; sourceTree = "<group>"; };
		0320F71221B30E19003BF605 /* Info.plist */ = {isa = PBXFileReference; lastKnownFileType = text.plist.xml; path = Info.plist; sourceTree = "<group>"; };
		0320F71721B30E19003BF605 /* SwiftXibTests.xctest */ = {isa = PBXFileReference; explicitFileType = wrapper.cfbundle; includeInIndex = 0; path = SwiftXibTests.xctest; sourceTree = BUILT_PRODUCTS_DIR; };
		0320F71C21B30E19003BF605 /* SwiftXibTests.swift */ = {isa = PBXFileReference; lastKnownFileType = sourcecode.swift; path = SwiftXibTests.swift; sourceTree = "<group>"; };
		0320F71E21B30E19003BF605 /* Info.plist */ = {isa = PBXFileReference; lastKnownFileType = text.plist.xml; path = Info.plist; sourceTree = "<group>"; };
/* End PBXFileReference section */

/* Begin PBXFrameworksBuildPhase section */
		0320F70B21B30E19003BF605 /* Frameworks */ = {
			isa = PBXFrameworksBuildPhase;
			buildActionMask = 2147483647;
			files = (
			);
			runOnlyForDeploymentPostprocessing = 0;
		};
		0320F71421B30E19003BF605 /* Frameworks */ = {
			isa = PBXFrameworksBuildPhase;
			buildActionMask = 2147483647;
			files = (
				0320F71821B30E19003BF605 /* SwiftXib.framework in Frameworks */,
			);
			runOnlyForDeploymentPostprocessing = 0;
		};
/* End PBXFrameworksBuildPhase section */

/* Begin PBXGroup section */
		0320F70421B30E19003BF605 = {
			isa = PBXGroup;
			children = (
				0320F71021B30E19003BF605 /* SwiftXib */,
				0320F71B21B30E19003BF605 /* SwiftXibTests */,
				0320F70F21B30E19003BF605 /* Products */,
			);
			sourceTree = "<group>";
		};
		0320F70F21B30E19003BF605 /* Products */ = {
			isa = PBXGroup;
			children = (
				0320F70E21B30E19003BF605 /* SwiftXib.framework */,
				0320F71721B30E19003BF605 /* SwiftXibTests.xctest */,
			);
			name = Products;
			sourceTree = "<group>";
		};
		0320F71021B30E19003BF605 /* SwiftXib */ = {
			isa = PBXGroup;
			children = (
				0320F71121B30E19003BF605 /* SwiftXib.h */,
				0320F71221B30E19003BF605 /* Info.plist */,
			);
			path = SwiftXib;
			sourceTree = "<group>";
		};
		0320F71B21B30E19003BF605 /* SwiftXibTests */ = {
			isa = PBXGroup;
			children = (
				0320F71C21B30E19003BF605 /* SwiftXibTests.swift */,
				0320F71E21B30E19003BF605 /* Info.plist */,
			);
			path = SwiftXibTests;
			sourceTree = "<group>";
		};
/* End PBXGroup section */

/* Begin PBXHeadersBuildPhase section */
		0320F70921B30E19003BF605 /* Headers */ = {
			isa = PBXHeadersBuildPhase;
			buildActionMask = 2147483647;
			files = (
				0320F71F21B30E19003BF605 /* SwiftXib.h in Headers */,
			);
			runOnlyForDeploymentPostprocessing = 0;
		};
/* End PBXHeadersBuildPhase section */

/* Begin PBXNativeTarget section */
		0320F70D21B30E19003BF605 /* SwiftXib */ = {
			isa = PBXNativeTarget;
			buildConfigurationList = 0320F72221B30E19003BF605 /* Build configuration list for PBXNativeTarget "SwiftXib" */;
			buildPhases = (
				0320F70921B30E19003BF605 /* Headers */,
				0320F70A21B30E19003BF605 /* Sources */,
				0320F70B21B30E19003BF605 /* Frameworks */,
				0320F70C21B30E19003BF605 /* Resources */,
			);
			buildRules = (
			);
			dependencies = (
			);
			name = SwiftXib;
			productName = SwiftXib;
			productReference = 0320F70E21B30E19003BF605 /* SwiftXib.framework */;
			productType = "com.apple.product-type.framework";
		};
		0320F71621B30E19003BF605 /* SwiftXibTests */ = {
			isa = PBXNativeTarget;
			buildConfigurationList = 0320F72521B30E19003BF605 /* Build configuration list for PBXNativeTarget "SwiftXibTests" */;
			buildPhases = (
				0320F71321B30E19003BF605 /* Sources */,
				0320F71421B30E19003BF605 /* Frameworks */,
				0320F71521B30E19003BF605 /* Resources */,
			);
			buildRules = (
			);
			dependencies = (
				0320F71A21B30E19003BF605 /* PBXTargetDependency */,
			);
			name = SwiftXibTests;
			productName = SwiftXibTests;
			productReference = 0320F71721B30E19003BF605 /* SwiftXibTests.xctest */;
			productType = "com.apple.product-type.bundle.unit-test";
		};
/* End PBXNativeTarget section */

/* Begin PBXProject section */
		0320F70521B30E19003BF605 /* Project object */ = {
			isa = PBXProject;
			attributes = {
				LastSwiftUpdateCheck = 1010;
				LastUpgradeCheck = 1010;
				ORGANIZATIONNAME = "yair hadad";
				TargetAttributes = {
					0320F70D21B30E19003BF605 = {
						CreatedOnToolsVersion = 10.1;
					};
					0320F71621B30E19003BF605 = {
						CreatedOnToolsVersion = 10.1;
					};
				};
			};
			buildConfigurationList = 0320F70821B30E19003BF605 /* Build configuration list for PBXProject "SwiftXib" */;
			compatibilityVersion = "Xcode 9.3";
			developmentRegion = en;
			hasScannedForEncodings = 0;
			knownRegions = (
				en,
			);
			mainGroup = 0320F70421B30E19003BF605;
			productRefGroup = 0320F70F21B30E19003BF605 /* Products */;
			projectDirPath = "";
			projectRoot = "";
			targets = (
				0320F70D21B30E19003BF605 /* SwiftXib */,
				0320F71621B30E19003BF605 /* SwiftXibTests */,
			);
		};
/* End PBXProject section */

/* Begin PBXResourcesBuildPhase section */
		0320F70C21B30E19003BF605 /* Resources */ = {
			isa = PBXResourcesBuildPhase;
			buildActionMask = 2147483647;
			files = (
			);
			runOnlyForDeploymentPostprocessing = 0;
		};
		0320F71521B30E19003BF605 /* Resources */ = {
			isa = PBXResourcesBuildPhase;
			buildActionMask = 2147483647;
			files = (
			);
			runOnlyForDeploymentPostprocessing = 0;
		};
/* End PBXResourcesBuildPhase section */

/* Begin PBXSourcesBuildPhase section */
		0320F70A21B30E19003BF605 /* Sources */ = {
			isa = PBXSourcesBuildPhase;
			buildActionMask = 2147483647;
			files = (
			);
			runOnlyForDeploymentPostprocessing = 0;
		};
		0320F71321B30E19003BF605 /* Sources */ = {
			isa = PBXSourcesBuildPhase;
			buildActionMask = 2147483647;
			files = (
				0320F71D21B30E19003BF605 /* SwiftXibTests.swift in Sources */,
			);
			runOnlyForDeploymentPostprocessing = 0;
		};
/* End PBXSourcesBuildPhase section */

/* Begin PBXTargetDependency section */
		0320F71A21B30E19003BF605 /* PBXTargetDependency */ = {
			isa = PBXTargetDependency;
			target = 0320F70D21B30E19003BF605 /* SwiftXib */;
			targetProxy = 0320F71921B30E19003BF605 /* PBXContainerItemProxy */;
		};
/* End PBXTargetDependency section */

/* Begin XCBuildConfiguration section */
		0320F72021B30E19003BF605 /* Debug */ = {
			isa = XCBuildConfiguration;
			buildSettings = {
				ALWAYS_SEARCH_USER_PATHS = NO;
				CLANG_ANALYZER_NONNULL = YES;
				CLANG_ANALYZER_NUMBER_OBJECT_CONVERSION = YES_AGGRESSIVE;
				CLANG_CXX_LANGUAGE_STANDARD = "gnu++14";
				CLANG_CXX_LIBRARY = "libc++";
				CLANG_ENABLE_MODULES = YES;
				CLANG_ENABLE_OBJC_ARC = YES;
				CLANG_ENABLE_OBJC_WEAK = YES;
				CLANG_WARN_BLOCK_CAPTURE_AUTORELEASING = YES;
				CLANG_WARN_BOOL_CONVERSION = YES;
				CLANG_WARN_COMMA = YES;
				CLANG_WARN_CONSTANT_CONVERSION = YES;
				CLANG_WARN_DEPRECATED_OBJC_IMPLEMENTATIONS = YES;
				CLANG_WARN_DIRECT_OBJC_ISA_USAGE = YES_ERROR;
				CLANG_WARN_DOCUMENTATION_COMMENTS = YES;
				CLANG_WARN_EMPTY_BODY = YES;
				CLANG_WARN_ENUM_CONVERSION = YES;
				CLANG_WARN_INFINITE_RECURSION = YES;
				CLANG_WARN_INT_CONVERSION = YES;
				CLANG_WARN_NON_LITERAL_NULL_CONVERSION = YES;
				CLANG_WARN_OBJC_IMPLICIT_RETAIN_SELF = YES;
				CLANG_WARN_OBJC_LITERAL_CONVERSION = YES;
				CLANG_WARN_OBJC_ROOT_CLASS = YES_ERROR;
				CLANG_WARN_RANGE_LOOP_ANALYSIS = YES;
				CLANG_WARN_STRICT_PROTOTYPES = YES;
				CLANG_WARN_SUSPICIOUS_MOVE = YES;
				CLANG_WARN_UNGUARDED_AVAILABILITY = YES_AGGRESSIVE;
				CLANG_WARN_UNREACHABLE_CODE = YES;
				CLANG_WARN__DUPLICATE_METHOD_MATCH = YES;
				CODE_SIGN_IDENTITY = "iPhone Developer";
				COPY_PHASE_STRIP = NO;
				CURRENT_PROJECT_VERSION = 1;
				DEBUG_INFORMATION_FORMAT = dwarf;
				ENABLE_STRICT_OBJC_MSGSEND = YES;
				ENABLE_TESTABILITY = YES;
				GCC_C_LANGUAGE_STANDARD = gnu11;
				GCC_DYNAMIC_NO_PIC = NO;
				GCC_NO_COMMON_BLOCKS = YES;
				GCC_OPTIMIZATION_LEVEL = 0;
				GCC_PREPROCESSOR_DEFINITIONS = (
					"DEBUG=1",
					"$(inherited)",
				);
				GCC_WARN_64_TO_32_BIT_CONVERSION = YES;
				GCC_WARN_ABOUT_RETURN_TYPE = YES_ERROR;
				GCC_WARN_UNDECLARED_SELECTOR = YES;
				GCC_WARN_UNINITIALIZED_AUTOS = YES_AGGRESSIVE;
				GCC_WARN_UNUSED_FUNCTION = YES;
				GCC_WARN_UNUSED_VARIABLE = YES;
				IPHONEOS_DEPLOYMENT_TARGET = 12.1;
				MTL_ENABLE_DEBUG_INFO = INCLUDE_SOURCE;
				MTL_FAST_MATH = YES;
				ONLY_ACTIVE_ARCH = YES;
				SDKROOT = iphoneos;
				SWIFT_ACTIVE_COMPILATION_CONDITIONS = DEBUG;
				SWIFT_OPTIMIZATION_LEVEL = "-Onone";
				VERSIONING_SYSTEM = "apple-generic";
				VERSION_INFO_PREFIX = "";
			};
			name = Debug;
		};
		0320F72121B30E19003BF605 /* Release */ = {
			isa = XCBuildConfiguration;
			buildSettings = {
				ALWAYS_SEARCH_USER_PATHS = NO;
				CLANG_ANALYZER_NONNULL = YES;
				CLANG_ANALYZER_NUMBER_OBJECT_CONVERSION = YES_AGGRESSIVE;
				CLANG_CXX_LANGUAGE_STANDARD = "gnu++14";
				CLANG_CXX_LIBRARY = "libc++";
				CLANG_ENABLE_MODULES = YES;
				CLANG_ENABLE_OBJC_ARC = YES;
				CLANG_ENABLE_OBJC_WEAK = YES;
				CLANG_WARN_BLOCK_CAPTURE_AUTORELEASING = YES;
				CLANG_WARN_BOOL_CONVERSION = YES;
				CLANG_WARN_COMMA = YES;
				CLANG_WARN_CONSTANT_CONVERSION = YES;
				CLANG_WARN_DEPRECATED_OBJC_IMPLEMENTATIONS = YES;
				CLANG_WARN_DIRECT_OBJC_ISA_USAGE = YES_ERROR;
				CLANG_WARN_DOCUMENTATION_COMMENTS = YES;
				CLANG_WARN_EMPTY_BODY = YES;
				CLANG_WARN_ENUM_CONVERSION = YES;
				CLANG_WARN_INFINITE_RECURSION = YES;
				CLANG_WARN_INT_CONVERSION = YES;
				CLANG_WARN_NON_LITERAL_NULL_CONVERSION = YES;
				CLANG_WARN_OBJC_IMPLICIT_RETAIN_SELF = YES;
				CLANG_WARN_OBJC_LITERAL_CONVERSION = YES;
				CLANG_WARN_OBJC_ROOT_CLASS = YES_ERROR;
				CLANG_WARN_RANGE_LOOP_ANALYSIS = YES;
				CLANG_WARN_STRICT_PROTOTYPES = YES;
				CLANG_WARN_SUSPICIOUS_MOVE = YES;
				CLANG_WARN_UNGUARDED_AVAILABILITY = YES_AGGRESSIVE;
				CLANG_WARN_UNREACHABLE_CODE = YES;
				CLANG_WARN__DUPLICATE_METHOD_MATCH = YES;
				CODE_SIGN_IDENTITY = "iPhone Developer";
				COPY_PHASE_STRIP = NO;
				CURRENT_PROJECT_VERSION = 1;
				DEBUG_INFORMATION_FORMAT = "dwarf-with-dsym";
				ENABLE_NS_ASSERTIONS = NO;
				ENABLE_STRICT_OBJC_MSGSEND = YES;
				GCC_C_LANGUAGE_STANDARD = gnu11;
				GCC_NO_COMMON_BLOCKS = YES;
				GCC_WARN_64_TO_32_BIT_CONVERSION = YES;
				GCC_WARN_ABOUT_RETURN_TYPE = YES_ERROR;
				GCC_WARN_UNDECLARED_SELECTOR = YES;
				GCC_WARN_UNINITIALIZED_AUTOS = YES_AGGRESSIVE;
				GCC_WARN_UNUSED_FUNCTION = YES;
				GCC_WARN_UNUSED_VARIABLE = YES;
				IPHONEOS_DEPLOYMENT_TARGET = 12.1;
				MTL_ENABLE_DEBUG_INFO = NO;
				MTL_FAST_MATH = YES;
				SDKROOT = iphoneos;
				SWIFT_COMPILATION_MODE = wholemodule;
				SWIFT_OPTIMIZATION_LEVEL = "-O";
				VALIDATE_PRODUCT = YES;
				VERSIONING_SYSTEM = "apple-generic";
				VERSION_INFO_PREFIX = "";
			};
			name = Release;
		};
		0320F72321B30E19003BF605 /* Debug */ = {
			isa = XCBuildConfiguration;
			buildSettings = {
				CODE_SIGN_IDENTITY = "";
				CODE_SIGN_STYLE = Automatic;
				DEFINES_MODULE = YES;
				DEVELOPMENT_TEAM = E82HAQFSWT;
				DYLIB_COMPATIBILITY_VERSION = 1;
				DYLIB_CURRENT_VERSION = 1;
				DYLIB_INSTALL_NAME_BASE = "@rpath";
				INFOPLIST_FILE = SwiftXib/Info.plist;
				INSTALL_PATH = "$(LOCAL_LIBRARY_DIR)/Frameworks";
				LD_RUNPATH_SEARCH_PATHS = (
					"$(inherited)",
					"@executable_path/Frameworks",
					"@loader_path/Frameworks",
				);
				PRODUCT_BUNDLE_IDENTIFIER = com.yairHadad.SwiftXib;
				PRODUCT_NAME = "$(TARGET_NAME:c99extidentifier)";
				SKIP_INSTALL = YES;
				SWIFT_VERSION = 4.2;
				TARGETED_DEVICE_FAMILY = "1,2";
			};
			name = Debug;
		};
		0320F72421B30E19003BF605 /* Release */ = {
			isa = XCBuildConfiguration;
			buildSettings = {
				CODE_SIGN_IDENTITY = "";
				CODE_SIGN_STYLE = Automatic;
				DEFINES_MODULE = YES;
				DEVELOPMENT_TEAM = E82HAQFSWT;
				DYLIB_COMPATIBILITY_VERSION = 1;
				DYLIB_CURRENT_VERSION = 1;
				DYLIB_INSTALL_NAME_BASE = "@rpath";
				INFOPLIST_FILE = SwiftXib/Info.plist;
				INSTALL_PATH = "$(LOCAL_LIBRARY_DIR)/Frameworks";
				LD_RUNPATH_SEARCH_PATHS = (
					"$(inherited)",
					"@executable_path/Frameworks",
					"@loader_path/Frameworks",
				);
				PRODUCT_BUNDLE_IDENTIFIER = com.yairHadad.SwiftXib;
				PRODUCT_NAME = "$(TARGET_NAME:c99extidentifier)";
				SKIP_INSTALL = YES;
				SWIFT_VERSION = 4.2;
				TARGETED_DEVICE_FAMILY = "1,2";
			};
			name = Release;
		};
		0320F72621B30E19003BF605 /* Debug */ = {
			isa = XCBuildConfiguration;
			buildSettings = {
				CODE_SIGN_STYLE = Automatic;
				DEVELOPMENT_TEAM = E82HAQFSWT;
				INFOPLIST_FILE = SwiftXibTests/Info.plist;
				LD_RUNPATH_SEARCH_PATHS = (
					"$(inherited)",
					"@executable_path/Frameworks",
					"@loader_path/Frameworks",
				);
				PRODUCT_BUNDLE_IDENTIFIER = com.yairHadad.SwiftXibTests;
				PRODUCT_NAME = "$(TARGET_NAME)";
				SWIFT_VERSION = 4.2;
				TARGETED_DEVICE_FAMILY = "1,2";
			};
			name = Debug;
		};
		0320F72721B30E19003BF605 /* Release */ = {
			isa = XCBuildConfiguration;
			buildSettings = {
				CODE_SIGN_STYLE = Automatic;
				DEVELOPMENT_TEAM = E82HAQFSWT;
				INFOPLIST_FILE = SwiftXibTests/Info.plist;
				LD_RUNPATH_SEARCH_PATHS = (
					"$(inherited)",
					"@executable_path/Frameworks",
					"@loader_path/Frameworks",
				);
				PRODUCT_BUNDLE_IDENTIFIER = com.yairHadad.SwiftXibTests;
				PRODUCT_NAME = "$(TARGET_NAME)";
				SWIFT_VERSION = 4.2;
				TARGETED_DEVICE_FAMILY = "1,2";
			};
			name = Release;
		};
/* End XCBuildConfiguration section */

/* Begin XCConfigurationList section */
		0320F70821B30E19003BF605 /* Build configuration list for PBXProject "SwiftXib" */ = {
			isa = XCConfigurationList;
			buildConfigurations = (
				0320F72021B30E19003BF605 /* Debug */,
				0320F72121B30E19003BF605 /* Release */,
			);
			defaultConfigurationIsVisible = 0;
			defaultConfigurationName = Release;
		};
		0320F72221B30E19003BF605 /* Build configuration list for PBXNativeTarget "SwiftXib" */ = {
			isa = XCConfigurationList;
			buildConfigurations = (
				0320F72321B30E19003BF605 /* Debug */,
				0320F72421B30E19003BF605 /* Release */,
			);
			defaultConfigurationIsVisible = 0;
			defaultConfigurationName = Release;
		};
		0320F72521B30E19003BF605 /* Build configuration list for PBXNativeTarget "SwiftXibTests" */ = {
			isa = XCConfigurationList;
			buildConfigurations = (
				0320F72621B30E19003BF605 /* Debug */,
				0320F72721B30E19003BF605 /* Release */,
			);
			defaultConfigurationIsVisible = 0;
			defaultConfigurationName = Release;
		};
/* End XCConfigurationList section */
	};
	rootObject = 0320F70521B30E19003BF605 /* Project object */;
}
